# This file was autogenerated by uv via the following command:
#    uv pip compile requirements-dev.txt -o dev-requirements.lock
aiohappyeyeballs==2.6.1
    # via aiohttp
aiohttp==3.12.2
    # via -r requirements.txt
aiosignal==1.3.2
    # via aiohttp
alabaster==1.0.0
    # via sphinx
attrs==25.3.0
    # via aiohttp
babel==2.17.0
    # via sphinx
black==25.1.0
    # via -r requirements-dev.txt
certifi==2025.4.26
    # via requests
charset-normalizer==3.4.2
    # via requests
click==8.2.1
    # via black
coverage==7.8.2
    # via pytest-cov
docutils==0.21.2
    # via
    #   sphinx
    #   sphinx-rtd-theme
flake8==7.2.0
    # via -r requirements-dev.txt
frozenlist==1.6.0
    # via
    #   aiohttp
    #   aiosignal
idna==3.10
    # via
    #   requests
    #   yarl
imagesize==1.4.1
    # via sphinx
iniconfig==2.1.0
    # via pytest
isort==6.0.1
    # via -r requirements-dev.txt
jinja2==3.1.6
    # via sphinx
markupsafe==3.0.2
    # via jinja2
mccabe==0.7.0
    # via flake8
multidict==6.4.4
    # via
    #   aiohttp
    #   yarl
mypy==1.15.0
    # via -r requirements-dev.txt
mypy-extensions==1.1.0
    # via
    #   black
    #   mypy
packaging==25.0
    # via
    #   black
    #   pytest
    #   sphinx
pathspec==0.12.1
    # via black
platformdirs==4.3.8
    # via black
pluggy==1.6.0
    # via pytest
propcache==0.3.1
    # via
    #   aiohttp
    #   yarl
pycodestyle==2.13.0
    # via flake8
pyflakes==3.3.2
    # via flake8
pygments==2.19.1
    # via sphinx
pytest==8.3.5
    # via
    #   -r requirements-dev.txt
    #   pytest-asyncio
    #   pytest-cov
pytest-asyncio==1.0.0
    # via -r requirements-dev.txt
pytest-cov==6.1.1
    # via -r requirements-dev.txt
requests==2.32.3
    # via sphinx
roman-numerals-py==3.1.0
    # via sphinx
snowballstemmer==3.0.1
    # via sphinx
sphinx==8.2.3
    # via
    #   -r requirements-dev.txt
    #   sphinx-rtd-theme
    #   sphinxcontrib-jquery
sphinx-rtd-theme==3.0.2
    # via -r requirements-dev.txt
sphinxcontrib-applehelp==2.0.0
    # via sphinx
sphinxcontrib-devhelp==2.0.0
    # via sphinx
sphinxcontrib-htmlhelp==2.1.0
    # via sphinx
sphinxcontrib-jquery==4.1
    # via sphinx-rtd-theme
sphinxcontrib-jsmath==1.0.1
    # via sphinx
sphinxcontrib-qthelp==2.0.0
    # via sphinx
sphinxcontrib-serializinghtml==2.0.0
    # via sphinx
typing-extensions==4.13.2
    # via mypy
urllib3==2.4.0
    # via requests
yarl==1.20.0
    # via aiohttp
